
Microsoft Visual Studio Solution File, Format Version 12.00
# Visual Studio Version 16
VisualStudioVersion = 16.0.30907.101
MinimumVisualStudioVersion = 10.0.40219.1
Project("{8BC9CEB8-8B4A-11D0-8D11-00A0C91BC942}") = "RabbitEngine", "RabbitEngine\RabbitEngine.vcxproj", "{0F64F474-8A62-4A5C-AF88-A04B01743BBD}"
EndProject
Project("{8BC9CEB8-8B4A-11D0-8D11-00A0C91BC942}") = "TestGame", "TestGame\TestGame.vcxproj", "{D6CF84D6-BFBB-4F30-8194-CB6320392B8F}"
	ProjectSection(ProjectDependencies) = postProject
		{0F64F474-8A62-4A5C-AF88-A04B01743BBD} = {0F64F474-8A62-4A5C-AF88-A04B01743BBD}
	EndProjectSection
EndProject
Global
	GlobalSection(SolutionConfigurationPlatforms) = preSolution
		Debug|x64 = Debug|x64
		Debug|x86 = Debug|x86
		Release|x64 = Release|x64
		Release|x86 = Release|x86
	EndGlobalSection
	GlobalSection(ProjectConfigurationPlatforms) = postSolution
		{0F64F474-8A62-4A5C-AF88-A04B01743BBD}.Debug|x64.ActiveCfg = Debug|x64
		{0F64F474-8A62-4A5C-AF88-A04B01743BBD}.Debug|x64.Build.0 = Debug|x64
		{0F64F474-8A62-4A5C-AF88-A04B01743BBD}.Debug|x86.ActiveCfg = Debug|Win32
		{0F64F474-8A62-4A5C-AF88-A04B01743BBD}.Debug|x86.Build.0 = Debug|Win32
		{0F64F474-8A62-4A5C-AF88-A04B01743BBD}.Release|x64.ActiveCfg = Release|x64
		{0F64F474-8A62-4A5C-AF88-A04B01743BBD}.Release|x64.Build.0 = Release|x64
		{0F64F474-8A62-4A5C-AF88-A04B01743BBD}.Release|x86.ActiveCfg = Release|Win32
		{0F64F474-8A62-4A5C-AF88-A04B01743BBD}.Release|x86.Build.0 = Release|Win32
		{D6CF84D6-BFBB-4F30-8194-CB6320392B8F}.Debug|x64.ActiveCfg = Debug|x64
		{D6CF84D6-BFBB-4F30-8194-CB6320392B8F}.Debug|x64.Build.0 = Debug|x64
		{D6CF84D6-BFBB-4F30-8194-CB6320392B8F}.Debug|x86.ActiveCfg = Debug|Win32
		{D6CF84D6-BFBB-4F30-8194-CB6320392B8F}.Debug|x86.Build.0 = Debug|Win32
		{D6CF84D6-BFBB-4F30-8194-CB6320392B8F}.Release|x64.ActiveCfg = Release|x64
		{D6CF84D6-BFBB-4F30-8194-CB6320392B8F}.Release|x64.Build.0 = Release|x64
		{D6CF84D6-BFBB-4F30-8194-CB6320392B8F}.Release|x86.ActiveCfg = Release|Win32
		{D6CF84D6-BFBB-4F30-8194-CB6320392B8F}.Release|x86.Build.0 = Release|Win32
	EndGlobalSection
	GlobalSection(SolutionProperties) = preSolution
		HideSolutionNode = FALSE
	EndGlobalSection
	GlobalSection(ExtensibilityGlobals) = postSolution
		SolutionGuid = {D79715F2-DD9F-4CE1-8F39-4833AA1ECAC6}
	EndGlobalSection
EndGlobal
